# THIS IS AN AUTOGENERATED FILE. DO NOT EDIT THIS FILE DIRECTLY.
# yarn lockfile v1


bindings@~1.2.1:
  version "1.2.1"
  resolved "https://registry.yarnpkg.com/bindings/-/bindings-1.2.1.tgz#14ad6113812d2d37d72e67b4cacb4bb726505f11"

binpack@~0:
  version "0.1.0"
  resolved "https://registry.yarnpkg.com/binpack/-/binpack-0.1.0.tgz#bd3d0974c3f2a0446e17df4f60b55a72a205a97e"

jspack@0.0.4:
  version "0.0.4"
  resolved "https://registry.yarnpkg.com/jspack/-/jspack-0.0.4.tgz#32dd35c7fdcb3e3456c18fbb7ef9ed0bc6238177"

launchpad-mini@^2.1.2:
  version "2.1.2"
  resolved "https://registry.yarnpkg.com/launchpad-mini/-/launchpad-mini-2.1.2.tgz#455d61c0f5276b704710ab680a891ae500ee5858"
  dependencies:
    midi "^0.9.4"

midi@^0.9.4:
  version "0.9.5"
  resolved "https://registry.yarnpkg.com/midi/-/midi-0.9.5.tgz#fc323aff3e81b0d4099caeead535ba679c6e9d88"
  dependencies:
    bindings "~1.2.1"
    nan "^2.3.3"

nan@^2.3.3:
  version "2.11.0"
  resolved "https://registry.yarnpkg.com/nan/-/nan-2.11.0.tgz#574e360e4d954ab16966ec102c0c049fd961a099"

node-osc@^2.1.0:
  version "2.1.0"
  resolved "https://registry.yarnpkg.com/node-osc/-/node-osc-2.1.0.tgz#db714f98cf9a5c8435ee99dc7806528b7823a190"
  dependencies:
    jspack "0.0.4"
    osc-min "^1.1.1"
    semver "^5.1.0"

osc-min@^1.1.1:
  version "1.1.1"
  resolved "https://registry.yarnpkg.com/osc-min/-/osc-min-1.1.1.tgz#8580443a3abb02f73254f5a286340dcbe3cf3f07"
  dependencies:
    binpack "~0"

semver@^5.1.0:
  version "5.5.1"
  resolved "https://registry.yarnpkg.com/semver/-/semver-5.5.1.tgz#7dfdd8814bdb7cabc7be0fb1d734cfb66c940477"
